
Microsoft Visual Studio Solution File, Format Version 12.00
# Visual Studio Version 16
VisualStudioVersion = 16.0.29728.190
MinimumVisualStudioVersion = 10.0.40219.1
Project("{FAE04EC0-301F-11D3-BF4B-00C04F79EFBC}") = "Task9", "Task9\Task9.csproj", "{FC6899A4-18EA-4C78-8BCF-581BEE5D9856}"
EndProject
Project("{FAE04EC0-301F-11D3-BF4B-00C04F79EFBC}") = "Unit", "Unit\Unit.csproj", "{905184C8-931A-48FD-83A6-95E4AA4DEA9A}"
EndProject
Global
	GlobalSection(SolutionConfigurationPlatforms) = preSolution
		Debug|Any CPU = Debug|Any CPU
		Release|Any CPU = Release|Any CPU
	EndGlobalSection
	GlobalSection(ProjectConfigurationPlatforms) = postSolution
		{FC6899A4-18EA-4C78-8BCF-581BEE5D9856}.Debug|Any CPU.ActiveCfg = Debug|Any CPU
		{FC6899A4-18EA-4C78-8BCF-581BEE5D9856}.Debug|Any CPU.Build.0 = Debug|Any CPU
		{FC6899A4-18EA-4C78-8BCF-581BEE5D9856}.Release|Any CPU.ActiveCfg = Release|Any CPU
		{FC6899A4-18EA-4C78-8BCF-581BEE5D9856}.Release|Any CPU.Build.0 = Release|Any CPU
		{905184C8-931A-48FD-83A6-95E4AA4DEA9A}.Debug|Any CPU.ActiveCfg = Debug|Any CPU
		{905184C8-931A-48FD-83A6-95E4AA4DEA9A}.Debug|Any CPU.Build.0 = Debug|Any CPU
		{905184C8-931A-48FD-83A6-95E4AA4DEA9A}.Release|Any CPU.ActiveCfg = Release|Any CPU
		{905184C8-931A-48FD-83A6-95E4AA4DEA9A}.Release|Any CPU.Build.0 = Release|Any CPU
	EndGlobalSection
	GlobalSection(SolutionProperties) = preSolution
		HideSolutionNode = FALSE
	EndGlobalSection
	GlobalSection(ExtensibilityGlobals) = postSolution
		SolutionGuid = {851376F9-4EC7-4500-9B9A-AF6931D53371}
	EndGlobalSection
EndGlobal
