
Microsoft Visual Studio Solution File, Format Version 12.00
# Visual Studio Version 16
VisualStudioVersion = 16.0.29519.181
MinimumVisualStudioVersion = 10.0.40219.1
Project("{9A19103F-16F7-4668-BE54-9A1E7A4F7556}") = "Zadacha4", "Zadacha4.csproj", "{8B50E0B7-D9B7-484B-B381-0F5252BE615D}"
EndProject
Global
	GlobalSection(SolutionConfigurationPlatforms) = preSolution
		Debug|Any CPU = Debug|Any CPU
		Release|Any CPU = Release|Any CPU
	EndGlobalSection
	GlobalSection(ProjectConfigurationPlatforms) = postSolution
		{8B50E0B7-D9B7-484B-B381-0F5252BE615D}.Debug|Any CPU.ActiveCfg = Debug|Any CPU
		{8B50E0B7-D9B7-484B-B381-0F5252BE615D}.Debug|Any CPU.Build.0 = Debug|Any CPU
		{8B50E0B7-D9B7-484B-B381-0F5252BE615D}.Release|Any CPU.ActiveCfg = Release|Any CPU
		{8B50E0B7-D9B7-484B-B381-0F5252BE615D}.Release|Any CPU.Build.0 = Release|Any CPU
	EndGlobalSection
	GlobalSection(SolutionProperties) = preSolution
		HideSolutionNode = FALSE
	EndGlobalSection
	GlobalSection(ExtensibilityGlobals) = postSolution
		SolutionGuid = {FD282ECE-35C3-409B-8226-102608E43BD2}
	EndGlobalSection
EndGlobal
