
Microsoft Visual Studio Solution File, Format Version 12.00
# Visual Studio Version 16
VisualStudioVersion = 16.0.29728.190
MinimumVisualStudioVersion = 10.0.40219.1
Project("{FAE04EC0-301F-11D3-BF4B-00C04F79EFBC}") = "Task10", "Task10\Task10.csproj", "{B8E4B8CF-DC71-4C84-8E3F-E5F9387824D1}"
EndProject
Project("{FAE04EC0-301F-11D3-BF4B-00C04F79EFBC}") = "Unit", "Unit\Unit.csproj", "{0E5A3142-EFCD-499F-BA58-CECA11F1D802}"
EndProject
Global
	GlobalSection(SolutionConfigurationPlatforms) = preSolution
		Debug|Any CPU = Debug|Any CPU
		Release|Any CPU = Release|Any CPU
	EndGlobalSection
	GlobalSection(ProjectConfigurationPlatforms) = postSolution
		{B8E4B8CF-DC71-4C84-8E3F-E5F9387824D1}.Debug|Any CPU.ActiveCfg = Debug|Any CPU
		{B8E4B8CF-DC71-4C84-8E3F-E5F9387824D1}.Debug|Any CPU.Build.0 = Debug|Any CPU
		{B8E4B8CF-DC71-4C84-8E3F-E5F9387824D1}.Release|Any CPU.ActiveCfg = Release|Any CPU
		{B8E4B8CF-DC71-4C84-8E3F-E5F9387824D1}.Release|Any CPU.Build.0 = Release|Any CPU
		{0E5A3142-EFCD-499F-BA58-CECA11F1D802}.Debug|Any CPU.ActiveCfg = Debug|Any CPU
		{0E5A3142-EFCD-499F-BA58-CECA11F1D802}.Debug|Any CPU.Build.0 = Debug|Any CPU
		{0E5A3142-EFCD-499F-BA58-CECA11F1D802}.Release|Any CPU.ActiveCfg = Release|Any CPU
		{0E5A3142-EFCD-499F-BA58-CECA11F1D802}.Release|Any CPU.Build.0 = Release|Any CPU
	EndGlobalSection
	GlobalSection(SolutionProperties) = preSolution
		HideSolutionNode = FALSE
	EndGlobalSection
	GlobalSection(ExtensibilityGlobals) = postSolution
		SolutionGuid = {BA47D21C-DBBD-404F-B05B-1B7D55A00C79}
	EndGlobalSection
EndGlobal
