
Microsoft Visual Studio Solution File, Format Version 12.00
# Visual Studio Version 16
VisualStudioVersion = 16.0.29728.190
MinimumVisualStudioVersion = 10.0.40219.1
Project("{FAE04EC0-301F-11D3-BF4B-00C04F79EFBC}") = "Task11", "Task11\Task11.csproj", "{0787698A-A11C-483F-9B16-7711E55FB20C}"
EndProject
Project("{FAE04EC0-301F-11D3-BF4B-00C04F79EFBC}") = "Unit", "Unit\Unit.csproj", "{BDE6E0DF-D1BB-4A3B-80AC-21F89572D86F}"
EndProject
Global
	GlobalSection(SolutionConfigurationPlatforms) = preSolution
		Debug|Any CPU = Debug|Any CPU
		Release|Any CPU = Release|Any CPU
	EndGlobalSection
	GlobalSection(ProjectConfigurationPlatforms) = postSolution
		{0787698A-A11C-483F-9B16-7711E55FB20C}.Debug|Any CPU.ActiveCfg = Debug|Any CPU
		{0787698A-A11C-483F-9B16-7711E55FB20C}.Debug|Any CPU.Build.0 = Debug|Any CPU
		{0787698A-A11C-483F-9B16-7711E55FB20C}.Release|Any CPU.ActiveCfg = Release|Any CPU
		{0787698A-A11C-483F-9B16-7711E55FB20C}.Release|Any CPU.Build.0 = Release|Any CPU
		{BDE6E0DF-D1BB-4A3B-80AC-21F89572D86F}.Debug|Any CPU.ActiveCfg = Debug|Any CPU
		{BDE6E0DF-D1BB-4A3B-80AC-21F89572D86F}.Debug|Any CPU.Build.0 = Debug|Any CPU
		{BDE6E0DF-D1BB-4A3B-80AC-21F89572D86F}.Release|Any CPU.ActiveCfg = Release|Any CPU
		{BDE6E0DF-D1BB-4A3B-80AC-21F89572D86F}.Release|Any CPU.Build.0 = Release|Any CPU
	EndGlobalSection
	GlobalSection(SolutionProperties) = preSolution
		HideSolutionNode = FALSE
	EndGlobalSection
	GlobalSection(ExtensibilityGlobals) = postSolution
		SolutionGuid = {380E4632-6D62-4C67-B3BE-3E5F116FD9FE}
	EndGlobalSection
EndGlobal
